
Microsoft Visual Studio Solution File, Format Version 12.00
# Visual Studio 2013
VisualStudioVersion = 12.0.21126.0
MinimumVisualStudioVersion = 10.0.40219.1
Project("{2150E333-8FDC-42A3-9474-1A3956D46DE8}") = ".nuget", ".nuget", "{79C66BA0-E869-4058-ADAF-282A2EA61DAD}"
	ProjectSection(SolutionItems) = preProject
		.nuget\NuGet.Config = .nuget\NuGet.Config
		.nuget\NuGet.exe = .nuget\NuGet.exe
		.nuget\NuGet.targets = .nuget\NuGet.targets
		.nuget\RepositoryMagic.nuspec = .nuget\RepositoryMagic.nuspec
	EndProjectSection
EndProject
Project("{FAE04EC0-301F-11D3-BF4B-00C04F79EFBC}") = "RepositoryMagic", "Projects\RepositoryMagic\RepositoryMagic.csproj", "{385D4D7E-BCC6-4533-9463-0EAC8F833A42}"
EndProject
Project("{FAE04EC0-301F-11D3-BF4B-00C04F79EFBC}") = "RepositoryMagic.Tests", "Projects\RepositoryMagic.Tests\RepositoryMagic.Tests.csproj", "{6912461A-9CBD-4EB3-9673-139D6EACA1AB}"
EndProject
Project("{FAE04EC0-301F-11D3-BF4B-00C04F79EFBC}") = "RepositoryMagic.SQL", "Projects\RepositoryMagic.SQL\RepositoryMagic.SQL.csproj", "{79C7DC08-C16F-42FC-B9A2-75EC68D139F0}"
EndProject
Project("{2150E333-8FDC-42A3-9474-1A3956D46DE8}") = "Solution Items", "Solution Items", "{65BFD1E6-ECBE-4862-9302-C8B7B5415DE4}"
	ProjectSection(SolutionItems) = preProject
		LICENSE = LICENSE
		README.md = README.md
	EndProjectSection
EndProject
Project("{2150E333-8FDC-42A3-9474-1A3956D46DE8}") = "Scripts", "Scripts", "{37E82838-E4CD-406D-9F07-10910947BC1E}"
	ProjectSection(SolutionItems) = preProject
		Scripts\MyGet.bat = Scripts\MyGet.bat
		Scripts\MyGetAndPause.bat = Scripts\MyGetAndPause.bat
		Scripts\Publish.bat = Scripts\Publish.bat
		Scripts\PublishAndPause.bat = Scripts\PublishAndPause.bat
		Scripts\UpdateOpenMagicPackage.bat = Scripts\UpdateOpenMagicPackage.bat
		Scripts\UpdateOpenMagicPackageAndPause.bat = Scripts\UpdateOpenMagicPackageAndPause.bat
	EndProjectSection
EndProject
Global
	GlobalSection(SolutionConfigurationPlatforms) = preSolution
		Debug|Any CPU = Debug|Any CPU
		Release|Any CPU = Release|Any CPU
	EndGlobalSection
	GlobalSection(ProjectConfigurationPlatforms) = postSolution
		{385D4D7E-BCC6-4533-9463-0EAC8F833A42}.Debug|Any CPU.ActiveCfg = Debug|Any CPU
		{385D4D7E-BCC6-4533-9463-0EAC8F833A42}.Debug|Any CPU.Build.0 = Debug|Any CPU
		{385D4D7E-BCC6-4533-9463-0EAC8F833A42}.Release|Any CPU.ActiveCfg = Release|Any CPU
		{385D4D7E-BCC6-4533-9463-0EAC8F833A42}.Release|Any CPU.Build.0 = Release|Any CPU
		{6912461A-9CBD-4EB3-9673-139D6EACA1AB}.Debug|Any CPU.ActiveCfg = Debug|x86
		{6912461A-9CBD-4EB3-9673-139D6EACA1AB}.Debug|Any CPU.Build.0 = Debug|x86
		{6912461A-9CBD-4EB3-9673-139D6EACA1AB}.Release|Any CPU.ActiveCfg = Release|Any CPU
		{6912461A-9CBD-4EB3-9673-139D6EACA1AB}.Release|Any CPU.Build.0 = Release|Any CPU
		{79C7DC08-C16F-42FC-B9A2-75EC68D139F0}.Debug|Any CPU.ActiveCfg = Debug|Any CPU
		{79C7DC08-C16F-42FC-B9A2-75EC68D139F0}.Debug|Any CPU.Build.0 = Debug|Any CPU
		{79C7DC08-C16F-42FC-B9A2-75EC68D139F0}.Release|Any CPU.ActiveCfg = Release|Any CPU
		{79C7DC08-C16F-42FC-B9A2-75EC68D139F0}.Release|Any CPU.Build.0 = Release|Any CPU
	EndGlobalSection
	GlobalSection(SolutionProperties) = preSolution
		HideSolutionNode = FALSE
	EndGlobalSection
	GlobalSection(NestedProjects) = preSolution
		{79C66BA0-E869-4058-ADAF-282A2EA61DAD} = {65BFD1E6-ECBE-4862-9302-C8B7B5415DE4}
		{37E82838-E4CD-406D-9F07-10910947BC1E} = {65BFD1E6-ECBE-4862-9302-C8B7B5415DE4}
	EndGlobalSection
EndGlobal
